
Microsoft Visual Studio Solution File, Format Version 12.00
# Visual Studio Version 16
VisualStudioVersion = 16.0.31515.178
MinimumVisualStudioVersion = 10.0.40219.1
Project("{9A19103F-16F7-4668-BE54-9A1E7A4F7556}") = "Olympics2021", "08-05_Olympics\Olympics2021.csproj", "{4BCAC7FD-2A2F-4A26-A5A8-91521B283815}"
EndProject
Global
	GlobalSection(SolutionConfigurationPlatforms) = preSolution
		Debug|Any CPU = Debug|Any CPU
		Release|Any CPU = Release|Any CPU
	EndGlobalSection
	GlobalSection(ProjectConfigurationPlatforms) = postSolution
		{4BCAC7FD-2A2F-4A26-A5A8-91521B283815}.Debug|Any CPU.ActiveCfg = Debug|Any CPU
		{4BCAC7FD-2A2F-4A26-A5A8-91521B283815}.Debug|Any CPU.Build.0 = Debug|Any CPU
		{4BCAC7FD-2A2F-4A26-A5A8-91521B283815}.Release|Any CPU.ActiveCfg = Release|Any CPU
		{4BCAC7FD-2A2F-4A26-A5A8-91521B283815}.Release|Any CPU.Build.0 = Release|Any CPU
	EndGlobalSection
	GlobalSection(SolutionProperties) = preSolution
		HideSolutionNode = FALSE
	EndGlobalSection
	GlobalSection(ExtensibilityGlobals) = postSolution
		SolutionGuid = {8A7715A3-F6CA-4E26-94FC-F993D7A82C99}
	EndGlobalSection
EndGlobal
